{
  "version": 1,
  "dependencies": {
    ".NETCoreApp,Version=v3.1": {
      "Microsoft.Extensions.Caching.Memory": {
        "type": "Direct",
        "requested": "[3.1.18, )",
        "resolved": "3.1.18",
        "contentHash": "j3tzoDBZszXu+/LwGvFk8uk3ia63ygv1yfg0kaQWLjyw5CCuJ7v7mvhXl1vAdZWFvNmuFfAyBYnZwyxYAKe0HA==",
        "dependencies": {
          "Microsoft.Extensions.Caching.Abstractions": "3.1.18",
          "Microsoft.Extensions.DependencyInjection.Abstractions": "3.1.18",
          "Microsoft.Extensions.Logging.Abstractions": "3.1.18",
          "Microsoft.Extensions.Options": "3.1.18"
        }
      },
      "Microsoft.Extensions.Configuration": {
        "type": "Direct",
        "requested": "[3.1.18, )",
        "resolved": "3.1.18",
        "contentHash": "G2w2QolMv76ZswL6XKjy8PbAu12uYbtIkGwkkZEhy7irWfqQWFT8PKQ68cEpotg6e2rc15E5/LQDgvCpXeWFtA==",
        "dependencies": {
          "Microsoft.Extensions.Configuration.Abstractions": "3.1.18"
        }
      },
      "Microsoft.Extensions.Configuration.Abstractions": {
        "type": "Direct",
        "requested": "[3.1.18, )",
        "resolved": "3.1.18",
        "contentHash": "ID1/qQDGowofEfOoNcEkerRDy3x5FMguDxDEsl4DVROaI/qLa/oWCqUljIDWMuM1GUDNhucSrTMZ8/k9VyOHAg==",
        "dependencies": {
          "Microsoft.Extensions.Primitives": "3.1.18"
        }
      },
      "Microsoft.Extensions.Configuration.Binder": {
        "type": "Direct",
        "requested": "[3.1.18, )",
        "resolved": "3.1.18",
        "contentHash": "OsJMdTm2qWlyIpigTD6EUp7h1IKC0+Zf1+1Nq4Q6dS64EJOeUi6+FL0STPi5FK9v+1j9AvMWDcnK3IDZH5rE6g==",
        "dependencies": {
          "Microsoft.Extensions.Configuration": "3.1.18"
        }
      },
      "Microsoft.Extensions.Configuration.Json": {
        "type": "Direct",
        "requested": "[3.1.18, )",
        "resolved": "3.1.18",
        "contentHash": "4NZCoOmfixTdQuUZRoTG2F7R7rGhao76SAHi3aBsDGFAPdUZ1BQ0N7/oQySDlyZRVxd/Ac00v6bF4+4fAXW7MQ==",
        "dependencies": {
          "Microsoft.Extensions.Configuration": "3.1.18",
          "Microsoft.Extensions.Configuration.FileExtensions": "3.1.18"
        }
      },
      "Microsoft.Extensions.DependencyInjection": {
        "type": "Direct",
        "requested": "[3.1.18, )",
        "resolved": "3.1.18",
        "contentHash": "Cd5n8pU5sVnke4qV87Lm6np0NQZLUG7vkgWgHxAmq+yAizIUCoDeqHc4MepV4YgH4kiY2VuYESVdCx7JbtkMnQ==",
        "dependencies": {
          "Microsoft.Extensions.DependencyInjection.Abstractions": "3.1.18"
        }
      },
      "Microsoft.Extensions.Http": {
        "type": "Direct",
        "requested": "[3.1.18, )",
        "resolved": "3.1.18",
        "contentHash": "XwYLfuyAh5kFM8M9qEBd2sr27+3nGGtTvgNV1S3rzbbh+IdXVE2q7Bs88G2EOaIQSAGSeCA5r1EfPWx6nz/zFQ==",
        "dependencies": {
          "Microsoft.Extensions.DependencyInjection.Abstractions": "3.1.18",
          "Microsoft.Extensions.Logging": "3.1.18",
          "Microsoft.Extensions.Options": "3.1.18"
        }
      },
      "Microsoft.Extensions.Logging.Abstractions": {
        "type": "Direct",
        "requested": "[3.1.18, )",
        "resolved": "3.1.18",
        "contentHash": "TmCtOpIU/dmdw50In0suE44ncPFqWKk9WK6T/+I8lKJtBdR1akBnvGBbGHx78Awnmq96DsZtuy9ujl+bNGaHSQ=="
      },
      "Newtonsoft.Json": {
        "type": "Direct",
        "requested": "[12.0.3, )",
        "resolved": "12.0.3",
        "contentHash": "6mgjfnRB4jKMlzHSl+VD+oUc1IebOZabkbyWj2RiTgWwYPPuaK1H97G1sHqGwPlS5npiF5Q0OrxN1wni2n5QWg=="
      },
      "PackageAware.CSharpCodeStyle": {
        "type": "Direct",
        "requested": "[0.2.1-20210714400, )",
        "resolved": "0.2.1-20210714400",
        "contentHash": "Xq386VFmDLqPtcebsoLmS7ggBXlD/cC7hVjxNxDR1gJDcQB1wJsJF3XUDq1wha5qlzEE6/PgLNdOZTNqsatigA==",
        "dependencies": {
          "StyleCop.Analyzers": "1.2.0-beta.354"
        }
      },
      "SharpZipLib": {
        "type": "Direct",
        "requested": "[1.3.2, )",
        "resolved": "1.3.2",
        "contentHash": "WSdeDReL8eugMCw5BH/tFAZpgR+YsYMwm6kIvqg3J8LbfRjbbebmEzn63AbEveqyMOljBO68g6tCCv165wMkSg=="
      },
      "System.ServiceModel.Syndication": {
        "type": "Direct",
        "requested": "[4.7.0, )",
        "resolved": "4.7.0",
        "contentHash": "uqGE0hFhoE6w7SxBchhR+ebdf4krpnZe3FPdo7skxJZHOqwcGk+cDZ74Yfp3yFD2yl3emHBGAZb6SBsQWEaSkg=="
      },
      "Microsoft.Extensions.Caching.Abstractions": {
        "type": "Transitive",
        "resolved": "3.1.18",
        "contentHash": "1uCazaadkt2RnAfYK7wgRacqBhT/EWvKumvPF+XlXHheFMabVExqrpNAhiObXfko6rpwo9kdHDBOmdZYCplKyw==",
        "dependencies": {
          "Microsoft.Extensions.Primitives": "3.1.18"
        }
      },
      "Microsoft.Extensions.Configuration.FileExtensions": {
        "type": "Transitive",
        "resolved": "3.1.18",
        "contentHash": "nYoztTqO+JwDa9x/7uO5OT97I+5ekqbZBR42oFr2hFrk/bmMsskeajqlCsU9+x0SgIQxicMU5ftRM0jXVOEgCg==",
        "dependencies": {
          "Microsoft.Extensions.Configuration": "3.1.18",
          "Microsoft.Extensions.FileProviders.Physical": "3.1.18"
        }
      },
      "Microsoft.Extensions.DependencyInjection.Abstractions": {
        "type": "Transitive",
        "resolved": "3.1.18",
        "contentHash": "g/0l4u6IYwgaHxxF5eYj5AjWFfjQP/cwu6PHP0tLJrl1dgP5ltMQMOWPUTWXkn/cZhGZHHuyMfJCvDAvF3mOZA=="
      },
      "Microsoft.Extensions.FileProviders.Abstractions": {
        "type": "Transitive",
        "resolved": "3.1.18",
        "contentHash": "H0Y/gICYhYqaHRmBhSGr3JF1KR7YMXLuhR0c1vqo/eM7lOrDofwDy/pjnhBIc2B2UFn0Z/xVKlxSJaltw3tUMw==",
        "dependencies": {
          "Microsoft.Extensions.Primitives": "3.1.18"
        }
      },
      "Microsoft.Extensions.FileProviders.Physical": {
        "type": "Transitive",
        "resolved": "3.1.18",
        "contentHash": "F1kprig4eTYfpJU0dNUrELkpqd8DGv405iI+pfQN+mb/rF62iIU+69u2gq36j/70xdd7uhhew0oQmVUp3GUpbw==",
        "dependencies": {
          "Microsoft.Extensions.FileProviders.Abstractions": "3.1.18",
          "Microsoft.Extensions.FileSystemGlobbing": "3.1.18"
        }
      },
      "Microsoft.Extensions.FileSystemGlobbing": {
        "type": "Transitive",
        "resolved": "3.1.18",
        "contentHash": "eLlRNSnOiry0IjlnqEE2R/Yga5XX9QEY6drejHMj8v+Pz3snlgl5NuEpTKOVHGcLSq+alEFA8r0G1XhBconjrA=="
      },
      "Microsoft.Extensions.Logging": {
        "type": "Transitive",
        "resolved": "3.1.18",
        "contentHash": "1cYb4a/c1IfYLc5hEGQOL0t9g43gBIcqJQC5WrEZdXhScEuP1tFs1XgGjzK957Wwibi5O8h8Gulpd2VZeW0cvg==",
        "dependencies": {
          "Microsoft.Extensions.Configuration.Binder": "3.1.18",
          "Microsoft.Extensions.DependencyInjection": "3.1.18",
          "Microsoft.Extensions.Logging.Abstractions": "3.1.18",
          "Microsoft.Extensions.Options": "3.1.18"
        }
      },
      "Microsoft.Extensions.Options": {
        "type": "Transitive",
        "resolved": "3.1.18",
        "contentHash": "5HL6ugNim4dzVkCPexsmNSra0qfVlUisW+PRjrCoSBWNHtTbt6rfuawaSTmwxheIZjIu+xqJ0nBb681tmZzE6g==",
        "dependencies": {
          "Microsoft.Extensions.DependencyInjection.Abstractions": "3.1.18",
          "Microsoft.Extensions.Primitives": "3.1.18"
        }
      },
      "Microsoft.Extensions.Primitives": {
        "type": "Transitive",
        "resolved": "3.1.18",
        "contentHash": "QFvxAK1seL0TeCeZcsld3X8/xPqH4xuMwqzbEkgQK8ChFwM9c8tUHK6JZG7H47UgjaucwV2y8G9IWlX051oOkw=="
      },
      "StyleCop.Analyzers": {
        "type": "Transitive",
        "resolved": "1.2.0-beta.354",
        "contentHash": "oDSJNxnEvIzAQTkpkc/FnJP4dQ7TV6fHMsI+2ckU5DOaMiwiEfh1fawMsSqz2bCoNwbTt9lS6MgYvyVKujNJoA==",
        "dependencies": {
          "StyleCop.Analyzers.Unstable": "1.2.0.354"
        }
      },
      "StyleCop.Analyzers.Unstable": {
        "type": "Transitive",
        "resolved": "1.2.0.354",
        "contentHash": "/3RlM31XbJ02gaWh7dVumWOyMvGHswb/zygGJXd9oEJMRyyYc/HFJlAC5gBPxvi9cB4CMvIyyUTmZz5VLKwTvg=="
      }
    }
  }
}